{
  "name": "myui",
  "version": "1.0.0",
  "lockfileVersion": 2,
  "requires": true,
  "packages": {
    "": {
      "name": "myui",
      "version": "1.0.0",
      "license": "ISC",
      "dependencies": {
        "myModule": "file:../myModule"
      }
    },
    "../myModule": {
      "name": "mymodule",
      "version": "1.0.0",
      "license": "ISC"
    },
    "../myModule/index.js": {
      "extraneous": true
    },
    "node_modules/myModule": {
      "resolved": "../myModule",
      "link": true
    }
  },
  "dependencies": {
    "myModule": {
      "version": "file:../myModule"
    }
  }
}
