{
  "name": "myui",
  "version": "1.0.0",
  "lockfileVersion": 2,
  "requires": true,
  "packages": {
    "": {
      "name": "myui",
      "version": "1.0.0",
      "license": "ISC",
      "dependencies": {
        "myModule": "1.0.0"
      }
    },
    "node_modules/myModule": {
      "name": "mymodule",
      "version": "1.0.0",
      "license": "ISC"
    }
  },
  "dependencies": {
    "myModule": {
      "version": "npm:mymodule@1.0.0"
    }
  }
}
