{
  "name": "myui",
  "version": "1.0.0",
  "lockfileVersion": 2,
  "requires": true,
  "packages": {
    "": {
      "name": "myui",
      "version": "1.0.0",
      "license": "ISC",
      "dependencies": {
        "mymodule": "file:../myModule/mymodule-1.0.0.tgz"
      }
    },
    "node_modules/mymodule": {
      "version": "1.0.0",
      "resolved": "file:../myModule/mymodule-1.0.0.tgz",
      "integrity": "sha512-4QZwyau5sztUh1qEdh1mUJd/c7ENUI2YTI6a9i8RfALAZhtF03Ci1AsgzI74MrPDItiXy5dIm+4gPJ3wvxPeNA==",
      "license": "ISC"
    }
  },
  "dependencies": {
    "mymodule": {
      "version": "file:../myModule/mymodule-1.0.0.tgz",
      "integrity": "sha512-4QZwyau5sztUh1qEdh1mUJd/c7ENUI2YTI6a9i8RfALAZhtF03Ci1AsgzI74MrPDItiXy5dIm+4gPJ3wvxPeNA=="
    }
  }
}
